
Microsoft Visual Studio Solution File, Format Version 12.00
# Visual Studio 15
VisualStudioVersion = 15.0.27703.2047
MinimumVisualStudioVersion = 10.0.40219.1
Project("{FAE04EC0-301F-11D3-BF4B-00C04F79EFBC}") = "broken-inlinedata-skip-repro", "broken-inlinedata-skip-repro.csproj", "{F3C63FCD-64A4-486B-81A1-C2EDA291C7D2}"
EndProject
Global
	GlobalSection(SolutionConfigurationPlatforms) = preSolution
		Debug|Any CPU = Debug|Any CPU
		Release|Any CPU = Release|Any CPU
	EndGlobalSection
	GlobalSection(ProjectConfigurationPlatforms) = postSolution
		{F3C63FCD-64A4-486B-81A1-C2EDA291C7D2}.Debug|Any CPU.ActiveCfg = Debug|Any CPU
		{F3C63FCD-64A4-486B-81A1-C2EDA291C7D2}.Debug|Any CPU.Build.0 = Debug|Any CPU
		{F3C63FCD-64A4-486B-81A1-C2EDA291C7D2}.Release|Any CPU.ActiveCfg = Release|Any CPU
		{F3C63FCD-64A4-486B-81A1-C2EDA291C7D2}.Release|Any CPU.Build.0 = Release|Any CPU
	EndGlobalSection
	GlobalSection(SolutionProperties) = preSolution
		HideSolutionNode = FALSE
	EndGlobalSection
	GlobalSection(ExtensibilityGlobals) = postSolution
		SolutionGuid = {86CCADD4-203B-45E0-AB24-6917E2656963}
	EndGlobalSection
EndGlobal
